// !$*UTF8*$!
{
	archiveVersion = 1;
	classes = {
	};
	objectVersion = 50;
	objects = {

/* Begin PBXBuildFile section */
		1E398F9F2539F6D500D11BE0 /* AppDelegate.swift in Sources */ = {isa = PBXBuildFile; fileRef = 1E398F9E2539F6D500D11BE0 /* AppDelegate.swift */; };
		1E398FA12539F6D500D11BE0 /* SceneDelegate.swift in Sources */ = {isa = PBXBuildFile; fileRef = 1E398FA02539F6D500D11BE0 /* SceneDelegate.swift */; };
		1E398FA32539F6D500D11BE0 /* ViewController.swift in Sources */ = {isa = PBXBuildFile; fileRef = 1E398FA22539F6D500D11BE0 /* ViewController.swift */; };
		1E398FA62539F6D600D11BE0 /* Main.storyboard in Resources */ = {isa = PBXBuildFile; fileRef = 1E398FA42539F6D500D11BE0 /* Main.storyboard */; };
		1E398FA82539F6D900D11BE0 /* Assets.xcassets in Resources */ = {isa = PBXBuildFile; fileRef = 1E398FA72539F6D900D11BE0 /* Assets.xcassets */; };
		1E398FAB2539F6D900D11BE0 /* LaunchScreen.storyboard in Resources */ = {isa = PBXBuildFile; fileRef = 1E398FA92539F6D900D11BE0 /* LaunchScreen.storyboard */; };
		1E398FB62539F77B00D11BE0 /* PlayingCard.swift in Sources */ = {isa = PBXBuildFile; fileRef = 1E398FB52539F77B00D11BE0 /* PlayingCard.swift */; };
		1E398FB92539FA8D00D11BE0 /* PlayingCardDeck.swift in Sources */ = {isa = PBXBuildFile; fileRef = 1E398FB82539FA8D00D11BE0 /* PlayingCardDeck.swift */; };
		1E74E0D72541DA1C00555A51 /* CardBehavior.swift in Sources */ = {isa = PBXBuildFile; fileRef = 1E74E0D62541DA1C00555A51 /* CardBehavior.swift */; };
		1E8639D1253AC4A500E522BA /* PlayingCardView.swift in Sources */ = {isa = PBXBuildFile; fileRef = 1E8639D0253AC4A500E522BA /* PlayingCardView.swift */; };
/* End PBXBuildFile section */

/* Begin PBXFileReference section */
		1E398F9B2539F6D500D11BE0 /* PlayingCard.app */ = {isa = PBXFileReference; explicitFileType = wrapper.application; includeInIndex = 0; path = PlayingCard.app; sourceTree = BUILT_PRODUCTS_DIR; };
		1E398F9E2539F6D500D11BE0 /* AppDelegate.swift */ = {isa = PBXFileReference; lastKnownFileType = sourcecode.swift; path = AppDelegate.swift; sourceTree = "<group>"; };
		1E398FA02539F6D500D11BE0 /* SceneDelegate.swift */ = {isa = PBXFileReference; lastKnownFileType = sourcecode.swift; path = SceneDelegate.swift; sourceTree = "<group>"; };
		1E398FA22539F6D500D11BE0 /* ViewController.swift */ = {isa = PBXFileReference; lastKnownFileType = sourcecode.swift; path = ViewController.swift; sourceTree = "<group>"; };
		1E398FA52539F6D500D11BE0 /* Base */ = {isa = PBXFileReference; lastKnownFileType = file.storyboard; name = Base; path = Base.lproj/Main.storyboard; sourceTree = "<group>"; };
		1E398FA72539F6D900D11BE0 /* Assets.xcassets */ = {isa = PBXFileReference; lastKnownFileType = folder.assetcatalog; path = Assets.xcassets; sourceTree = "<group>"; };
		1E398FAA2539F6D900D11BE0 /* Base */ = {isa = PBXFileReference; lastKnownFileType = file.storyboard; name = Base; path = Base.lproj/LaunchScreen.storyboard; sourceTree = "<group>"; };
		1E398FAC2539F6D900D11BE0 /* Info.plist */ = {isa = PBXFileReference; lastKnownFileType = text.plist.xml; path = Info.plist; sourceTree = "<group>"; };
		1E398FB52539F77B00D11BE0 /* PlayingCard.swift */ = {isa = PBXFileReference; lastKnownFileType = sourcecode.swift; path = PlayingCard.swift; sourceTree = "<group>"; };
		1E398FB82539FA8D00D11BE0 /* PlayingCardDeck.swift */ = {isa = PBXFileReference; lastKnownFileType = sourcecode.swift; path = PlayingCardDeck.swift; sourceTree = "<group>"; };
		1E74E0D62541DA1C00555A51 /* CardBehavior.swift */ = {isa = PBXFileReference; lastKnownFileType = sourcecode.swift; path = CardBehavior.swift; sourceTree = "<group>"; };
		1E8639D0253AC4A500E522BA /* PlayingCardView.swift */ = {isa = PBXFileReference; lastKnownFileType = sourcecode.swift; path = PlayingCardView.swift; sourceTree = "<group>"; };
/* End PBXFileReference section */

/* Begin PBXFrameworksBuildPhase section */
		1E398F982539F6D500D11BE0 /* Frameworks */ = {
			isa = PBXFrameworksBuildPhase;
			buildActionMask = 2147483647;
			files = (
			);
			runOnlyForDeploymentPostprocessing = 0;
		};
/* End PBXFrameworksBuildPhase section */

/* Begin PBXGroup section */
		1E398F922539F6D500D11BE0 = {
			isa = PBXGroup;
			children = (
				1E398F9D2539F6D500D11BE0 /* PlayingCard */,
				1E398F9C2539F6D500D11BE0 /* Products */,
			);
			sourceTree = "<group>";
		};
		1E398F9C2539F6D500D11BE0 /* Products */ = {
			isa = PBXGroup;
			children = (
				1E398F9B2539F6D500D11BE0 /* PlayingCard.app */,
			);
			name = Products;
			sourceTree = "<group>";
		};
		1E398F9D2539F6D500D11BE0 /* PlayingCard */ = {
			isa = PBXGroup;
			children = (
				1E398FB32539F71C00D11BE0 /* Supporting Files */,
				1E398FA22539F6D500D11BE0 /* ViewController.swift */,
				1E74E0D62541DA1C00555A51 /* CardBehavior.swift */,
				1E398FA42539F6D500D11BE0 /* Main.storyboard */,
				1E398FA72539F6D900D11BE0 /* Assets.xcassets */,
				1E398FAC2539F6D900D11BE0 /* Info.plist */,
				1E398FB52539F77B00D11BE0 /* PlayingCard.swift */,
				1E8639D0253AC4A500E522BA /* PlayingCardView.swift */,
				1E398FB82539FA8D00D11BE0 /* PlayingCardDeck.swift */,
			);
			path = PlayingCard;
			sourceTree = "<group>";
		};
		1E398FB32539F71C00D11BE0 /* Supporting Files */ = {
			isa = PBXGroup;
			children = (
				1E398F9E2539F6D500D11BE0 /* AppDelegate.swift */,
				1E398FA02539F6D500D11BE0 /* SceneDelegate.swift */,
				1E398FA92539F6D900D11BE0 /* LaunchScreen.storyboard */,
			);
			path = "Supporting Files";
			sourceTree = "<group>";
		};
/* End PBXGroup section */

/* Begin PBXNativeTarget section */
		1E398F9A2539F6D500D11BE0 /* PlayingCard */ = {
			isa = PBXNativeTarget;
			buildConfigurationList = 1E398FAF2539F6D900D11BE0 /* Build configuration list for PBXNativeTarget "PlayingCard" */;
			buildPhases = (
				1E398F972539F6D500D11BE0 /* Sources */,
				1E398F982539F6D500D11BE0 /* Frameworks */,
				1E398F992539F6D500D11BE0 /* Resources */,
			);
			buildRules = (
			);
			dependencies = (
			);
			name = PlayingCard;
			productName = PlayingCard;
			productReference = 1E398F9B2539F6D500D11BE0 /* PlayingCard.app */;
			productType = "com.apple.product-type.application";
		};
/* End PBXNativeTarget section */

/* Begin PBXProject section */
		1E398F932539F6D500D11BE0 /* Project object */ = {
			isa = PBXProject;
			attributes = {
				LastSwiftUpdateCheck = 1200;
				LastUpgradeCheck = 1200;
				TargetAttributes = {
					1E398F9A2539F6D500D11BE0 = {
						CreatedOnToolsVersion = 12.0.1;
					};
				};
			};
			buildConfigurationList = 1E398F962539F6D500D11BE0 /* Build configuration list for PBXProject "PlayingCard" */;
			compatibilityVersion = "Xcode 9.3";
			developmentRegion = en;
			hasScannedForEncodings = 0;
			knownRegions = (
				en,
				Base,
			);
			mainGroup = 1E398F922539F6D500D11BE0;
			productRefGroup = 1E398F9C2539F6D500D11BE0 /* Products */;
			projectDirPath = "";
			projectRoot = "";
			targets = (
				1E398F9A2539F6D500D11BE0 /* PlayingCard */,
			);
		};
/* End PBXProject section */

/* Begin PBXResourcesBuildPhase section */
		1E398F992539F6D500D11BE0 /* Resources */ = {
			isa = PBXResourcesBuildPhase;
			buildActionMask = 2147483647;
			files = (
				1E398FAB2539F6D900D11BE0 /* LaunchScreen.storyboard in Resources */,
				1E398FA82539F6D900D11BE0 /* Assets.xcassets in Resources */,
				1E398FA62539F6D600D11BE0 /* Main.storyboard in Resources */,
			);
			runOnlyForDeploymentPostprocessing = 0;
		};
/* End PBXResourcesBuildPhase section */

/* Begin PBXSourcesBuildPhase section */
		1E398F972539F6D500D11BE0 /* Sources */ = {
			isa = PBXSourcesBuildPhase;
			buildActionMask = 2147483647;
			files = (
				1E398FA32539F6D500D11BE0 /* ViewController.swift in Sources */,
				1E8639D1253AC4A500E522BA /* PlayingCardView.swift in Sources */,
				1E398F9F2539F6D500D11BE0 /* AppDelegate.swift in Sources */,
				1E398FB92539FA8D00D11BE0 /* PlayingCardDeck.swift in Sources */,
				1E398FB62539F77B00D11BE0 /* PlayingCard.swift in Sources */,
				1E398FA12539F6D500D11BE0 /* SceneDelegate.swift in Sources */,
				1E74E0D72541DA1C00555A51 /* CardBehavior.swift in Sources */,
			);
			runOnlyForDeploymentPostprocessing = 0;
		};
/* End PBXSourcesBuildPhase section */

/* Begin PBXVariantGroup section */
		1E398FA42539F6D500D11BE0 /* Main.storyboard */ = {
			isa = PBXVariantGroup;
			children = (
				1E398FA52539F6D500D11BE0 /* Base */,
			);
			name = Main.storyboard;
			sourceTree = "<group>";
		};
		1E398FA92539F6D900D11BE0 /* LaunchScreen.storyboard */ = {
			isa = PBXVariantGroup;
			children = (
				1E398FAA2539F6D900D11BE0 /* Base */,
			);
			name = LaunchScreen.storyboard;
			sourceTree = "<group>";
		};
/* End PBXVariantGroup section */

/* Begin XCBuildConfiguration section */
		1E398FAD2539F6D900D11BE0 /* Debug */ = {
			isa = XCBuildConfiguration;
			buildSettings = {
				ALWAYS_SEARCH_USER_PATHS = NO;
				CLANG_ANALYZER_NONNULL = YES;
				CLANG_ANALYZER_NUMBER_OBJECT_CONVERSION = YES_AGGRESSIVE;
				CLANG_CXX_LANGUAGE_STANDARD = "gnu++14";
				CLANG_CXX_LIBRARY = "libc++";
				CLANG_ENABLE_MODULES = YES;
				CLANG_ENABLE_OBJC_ARC = YES;
				CLANG_ENABLE_OBJC_WEAK = YES;
				CLANG_WARN_BLOCK_CAPTURE_AUTORELEASING = YES;
				CLANG_WARN_BOOL_CONVERSION = YES;
				CLANG_WARN_COMMA = YES;
				CLANG_WARN_CONSTANT_CONVERSION = YES;
				CLANG_WARN_DEPRECATED_OBJC_IMPLEMENTATIONS = YES;
				CLANG_WARN_DIRECT_OBJC_ISA_USAGE = YES_ERROR;
				CLANG_WARN_DOCUMENTATION_COMMENTS = YES;
				CLANG_WARN_EMPTY_BODY = YES;
				CLANG_WARN_ENUM_CONVERSION = YES;
				CLANG_WARN_INFINITE_RECURSION = YES;
				CLANG_WARN_INT_CONVERSION = YES;
				CLANG_WARN_NON_LITERAL_NULL_CONVERSION = YES;
				CLANG_WARN_OBJC_IMPLICIT_RETAIN_SELF = YES;
				CLANG_WARN_OBJC_LITERAL_CONVERSION = YES;
				CLANG_WARN_OBJC_ROOT_CLASS = YES_ERROR;
				CLANG_WARN_QUOTED_INCLUDE_IN_FRAMEWORK_HEADER = YES;
				CLANG_WARN_RANGE_LOOP_ANALYSIS = YES;
				CLANG_WARN_STRICT_PROTOTYPES = YES;
				CLANG_WARN_SUSPICIOUS_MOVE = YES;
				CLANG_WARN_UNGUARDED_AVAILABILITY = YES_AGGRESSIVE;
				CLANG_WARN_UNREACHABLE_CODE = YES;
				CLANG_WARN__DUPLICATE_METHOD_MATCH = YES;
				COPY_PHASE_STRIP = NO;
				DEBUG_INFORMATION_FORMAT = dwarf;
				ENABLE_STRICT_OBJC_MSGSEND = YES;
				ENABLE_TESTABILITY = YES;
				GCC_C_LANGUAGE_STANDARD = gnu11;
				GCC_DYNAMIC_NO_PIC = NO;
				GCC_NO_COMMON_BLOCKS = YES;
				GCC_OPTIMIZATION_LEVEL = 0;
				GCC_PREPROCESSOR_DEFINITIONS = (
					"DEBUG=1",
					"$(inherited)",
				);
				GCC_WARN_64_TO_32_BIT_CONVERSION = YES;
				GCC_WARN_ABOUT_RETURN_TYPE = YES_ERROR;
				GCC_WARN_UNDECLARED_SELECTOR = YES;
				GCC_WARN_UNINITIALIZED_AUTOS = YES_AGGRESSIVE;
				GCC_WARN_UNUSED_FUNCTION = YES;
				GCC_WARN_UNUSED_VARIABLE = YES;
				IPHONEOS_DEPLOYMENT_TARGET = 14.0;
				MTL_ENABLE_DEBUG_INFO = INCLUDE_SOURCE;
				MTL_FAST_MATH = YES;
				ONLY_ACTIVE_ARCH = YES;
				SDKROOT = iphoneos;
				SWIFT_ACTIVE_COMPILATION_CONDITIONS = DEBUG;
				SWIFT_OPTIMIZATION_LEVEL = "-Onone";
			};
			name = Debug;
		};
		1E398FAE2539F6D900D11BE0 /* Release */ = {
			isa = XCBuildConfiguration;
			buildSettings = {
				ALWAYS_SEARCH_USER_PATHS = NO;
				CLANG_ANALYZER_NONNULL = YES;
				CLANG_ANALYZER_NUMBER_OBJECT_CONVERSION = YES_AGGRESSIVE;
				CLANG_CXX_LANGUAGE_STANDARD = "gnu++14";
				CLANG_CXX_LIBRARY = "libc++";
				CLANG_ENABLE_MODULES = YES;
				CLANG_ENABLE_OBJC_ARC = YES;
				CLANG_ENABLE_OBJC_WEAK = YES;
				CLANG_WARN_BLOCK_CAPTURE_AUTORELEASING = YES;
				CLANG_WARN_BOOL_CONVERSION = YES;
				CLANG_WARN_COMMA = YES;
				CLANG_WARN_CONSTANT_CONVERSION = YES;
				CLANG_WARN_DEPRECATED_OBJC_IMPLEMENTATIONS = YES;
				CLANG_WARN_DIRECT_OBJC_ISA_USAGE = YES_ERROR;
				CLANG_WARN_DOCUMENTATION_COMMENTS = YES;
				CLANG_WARN_EMPTY_BODY = YES;
				CLANG_WARN_ENUM_CONVERSION = YES;
				CLANG_WARN_INFINITE_RECURSION = YES;
				CLANG_WARN_INT_CONVERSION = YES;
				CLANG_WARN_NON_LITERAL_NULL_CONVERSION = YES;
				CLANG_WARN_OBJC_IMPLICIT_RETAIN_SELF = YES;
				CLANG_WARN_OBJC_LITERAL_CONVERSION = YES;
				CLANG_WARN_OBJC_ROOT_CLASS = YES_ERROR;
				CLANG_WARN_QUOTED_INCLUDE_IN_FRAMEWORK_HEADER = YES;
				CLANG_WARN_RANGE_LOOP_ANALYSIS = YES;
				CLANG_WARN_STRICT_PROTOTYPES = YES;
				CLANG_WARN_SUSPICIOUS_MOVE = YES;
				CLANG_WARN_UNGUARDED_AVAILABILITY = YES_AGGRESSIVE;
				CLANG_WARN_UNREACHABLE_CODE = YES;
				CLANG_WARN__DUPLICATE_METHOD_MATCH = YES;
				COPY_PHASE_STRIP = NO;
				DEBUG_INFORMATION_FORMAT = "dwarf-with-dsym";
				ENABLE_NS_ASSERTIONS = NO;
				ENABLE_STRICT_OBJC_MSGSEND = YES;
				GCC_C_LANGUAGE_STANDARD = gnu11;
				GCC_NO_COMMON_BLOCKS = YES;
				GCC_WARN_64_TO_32_BIT_CONVERSION = YES;
				GCC_WARN_ABOUT_RETURN_TYPE = YES_ERROR;
				GCC_WARN_UNDECLARED_SELECTOR = YES;
				GCC_WARN_UNINITIALIZED_AUTOS = YES_AGGRESSIVE;
				GCC_WARN_UNUSED_FUNCTION = YES;
				GCC_WARN_UNUSED_VARIABLE = YES;
				IPHONEOS_DEPLOYMENT_TARGET = 14.0;
				MTL_ENABLE_DEBUG_INFO = NO;
				MTL_FAST_MATH = YES;
				SDKROOT = iphoneos;
				SWIFT_COMPILATION_MODE = wholemodule;
				SWIFT_OPTIMIZATION_LEVEL = "-O";
				VALIDATE_PRODUCT = YES;
			};
			name = Release;
		};
		1E398FB02539F6D900D11BE0 /* Debug */ = {
			isa = XCBuildConfiguration;
			buildSettings = {
				ASSETCATALOG_COMPILER_APPICON_NAME = AppIcon;
				ASSETCATALOG_COMPILER_GLOBAL_ACCENT_COLOR_NAME = AccentColor;
				CODE_SIGN_STYLE = Automatic;
				DEVELOPMENT_TEAM = 24CPJU82L5;
				INFOPLIST_FILE = PlayingCard/Info.plist;
				IPHONEOS_DEPLOYMENT_TARGET = 13.6;
				LD_RUNPATH_SEARCH_PATHS = (
					"$(inherited)",
					"@executable_path/Frameworks",
				);
				PRODUCT_BUNDLE_IDENTIFIER = JunHwan.Kim.PlayingCard;
				PRODUCT_NAME = "$(TARGET_NAME)";
				SWIFT_VERSION = 5.0;
				TARGETED_DEVICE_FAMILY = "1,2";
			};
			name = Debug;
		};
		1E398FB12539F6D900D11BE0 /* Release */ = {
			isa = XCBuildConfiguration;
			buildSettings = {
				ASSETCATALOG_COMPILER_APPICON_NAME = AppIcon;
				ASSETCATALOG_COMPILER_GLOBAL_ACCENT_COLOR_NAME = AccentColor;
				CODE_SIGN_STYLE = Automatic;
				DEVELOPMENT_TEAM = 24CPJU82L5;
				INFOPLIST_FILE = PlayingCard/Info.plist;
				IPHONEOS_DEPLOYMENT_TARGET = 13.6;
				LD_RUNPATH_SEARCH_PATHS = (
					"$(inherited)",
					"@executable_path/Frameworks",
				);
				PRODUCT_BUNDLE_IDENTIFIER = JunHwan.Kim.PlayingCard;
				PRODUCT_NAME = "$(TARGET_NAME)";
				SWIFT_VERSION = 5.0;
				TARGETED_DEVICE_FAMILY = "1,2";
			};
			name = Release;
		};
/* End XCBuildConfiguration section */

/* Begin XCConfigurationList section */
		1E398F962539F6D500D11BE0 /* Build configuration list for PBXProject "PlayingCard" */ = {
			isa = XCConfigurationList;
			buildConfigurations = (
				1E398FAD2539F6D900D11BE0 /* Debug */,
				1E398FAE2539F6D900D11BE0 /* Release */,
			);
			defaultConfigurationIsVisible = 0;
			defaultConfigurationName = Release;
		};
		1E398FAF2539F6D900D11BE0 /* Build configuration list for PBXNativeTarget "PlayingCard" */ = {
			isa = XCConfigurationList;
			buildConfigurations = (
				1E398FB02539F6D900D11BE0 /* Debug */,
				1E398FB12539F6D900D11BE0 /* Release */,
			);
			defaultConfigurationIsVisible = 0;
			defaultConfigurationName = Release;
		};
/* End XCConfigurationList section */
	};
	rootObject = 1E398F932539F6D500D11BE0 /* Project object */;
}
